
Microsoft Visual Studio Solution File, Format Version 12.00
# Visual Studio Version 17
VisualStudioVersion = 17.14.37111.16 d17.14
MinimumVisualStudioVersion = 10.0.40219.1
Project("{FAE04EC0-301F-11D3-BF4B-00C04F79EFBC}") = "CSharpWallpaper", "CSharpWallpaper\CSharpWallpaper.csproj", "{0590A93A-1785-4F7F-A62D-C8D1921829A9}"
EndProject
Global
	GlobalSection(SolutionConfigurationPlatforms) = preSolution
		Debug|Any CPU = Debug|Any CPU
		Release|Any CPU = Release|Any CPU
	EndGlobalSection
	GlobalSection(ProjectConfigurationPlatforms) = postSolution
		{0590A93A-1785-4F7F-A62D-C8D1921829A9}.Debug|Any CPU.ActiveCfg = Debug|Any CPU
		{0590A93A-1785-4F7F-A62D-C8D1921829A9}.Debug|Any CPU.Build.0 = Debug|Any CPU
		{0590A93A-1785-4F7F-A62D-C8D1921829A9}.Release|Any CPU.ActiveCfg = Release|Any CPU
		{0590A93A-1785-4F7F-A62D-C8D1921829A9}.Release|Any CPU.Build.0 = Release|Any CPU
	EndGlobalSection
	GlobalSection(SolutionProperties) = preSolution
		HideSolutionNode = FALSE
	EndGlobalSection
	GlobalSection(ExtensibilityGlobals) = postSolution
		SolutionGuid = {C29FB889-F590-44EF-8BC2-7A858657D309}
	EndGlobalSection
EndGlobal
